// !$*UTF8*$!
{
	archiveVersion = 1;
	classes = {
	};
	objectVersion = 56;
	objects = {

/* Begin PBXBuildFile section */
		0B0DCC1B2B6F4EDA006F6FD8 /* AppDelegate.swift in Sources */ = {isa = PBXBuildFile; fileRef = 0B0DCC1A2B6F4EDA006F6FD8 /* AppDelegate.swift */; };
		0B0DCC1D2B6F4EDA006F6FD8 /* SceneDelegate.swift in Sources */ = {isa = PBXBuildFile; fileRef = 0B0DCC1C2B6F4EDA006F6FD8 /* SceneDelegate.swift */; };
		0B0DCC242B6F4EDC006F6FD8 /* Assets.xcassets in Resources */ = {isa = PBXBuildFile; fileRef = 0B0DCC232B6F4EDC006F6FD8 /* Assets.xcassets */; };
		0B0DCC272B6F4EDC006F6FD8 /* LaunchScreen.storyboard in Resources */ = {isa = PBXBuildFile; fileRef = 0B0DCC252B6F4EDC006F6FD8 /* LaunchScreen.storyboard */; };
		0B0DCC2F2B6F53EE006F6FD8 /* SearchVC.swift in Sources */ = {isa = PBXBuildFile; fileRef = 0B0DCC2E2B6F53EE006F6FD8 /* SearchVC.swift */; };
		0B0DCC312B6F5411006F6FD8 /* FavoriteListVC.swift in Sources */ = {isa = PBXBuildFile; fileRef = 0B0DCC302B6F5411006F6FD8 /* FavoriteListVC.swift */; };
		0B0DCC332B6F8700006F6FD8 /* LUButton.swift in Sources */ = {isa = PBXBuildFile; fileRef = 0B0DCC322B6F8700006F6FD8 /* LUButton.swift */; };
		0B0DCC352B6F8B45006F6FD8 /* LUTextField.swift in Sources */ = {isa = PBXBuildFile; fileRef = 0B0DCC342B6F8B45006F6FD8 /* LUTextField.swift */; };
		0B0DCC372B6FC77A006F6FD8 /* FollowerListVC.swift in Sources */ = {isa = PBXBuildFile; fileRef = 0B0DCC362B6FC77A006F6FD8 /* FollowerListVC.swift */; };
		0B0DCC392B6FCDB7006F6FD8 /* LUTitleLabel.swift in Sources */ = {isa = PBXBuildFile; fileRef = 0B0DCC382B6FCDB7006F6FD8 /* LUTitleLabel.swift */; };
		0B0DCC3B2B6FCED0006F6FD8 /* LUBodyLabel.swift in Sources */ = {isa = PBXBuildFile; fileRef = 0B0DCC3A2B6FCED0006F6FD8 /* LUBodyLabel.swift */; };
		0B0DCC3D2B6FCF64006F6FD8 /* LUAlertVC.swift in Sources */ = {isa = PBXBuildFile; fileRef = 0B0DCC3C2B6FCF64006F6FD8 /* LUAlertVC.swift */; };
		0B0DCC3F2B6FD3F1006F6FD8 /* UIViewController+Extension.swift in Sources */ = {isa = PBXBuildFile; fileRef = 0B0DCC3E2B6FD3F1006F6FD8 /* UIViewController+Extension.swift */; };
/* End PBXBuildFile section */

/* Begin PBXFileReference section */
		0B0DCC172B6F4EDA006F6FD8 /* LearnUIkit.app */ = {isa = PBXFileReference; explicitFileType = wrapper.application; includeInIndex = 0; path = LearnUIkit.app; sourceTree = BUILT_PRODUCTS_DIR; };
		0B0DCC1A2B6F4EDA006F6FD8 /* AppDelegate.swift */ = {isa = PBXFileReference; lastKnownFileType = sourcecode.swift; path = AppDelegate.swift; sourceTree = "<group>"; };
		0B0DCC1C2B6F4EDA006F6FD8 /* SceneDelegate.swift */ = {isa = PBXFileReference; lastKnownFileType = sourcecode.swift; path = SceneDelegate.swift; sourceTree = "<group>"; };
		0B0DCC232B6F4EDC006F6FD8 /* Assets.xcassets */ = {isa = PBXFileReference; lastKnownFileType = folder.assetcatalog; path = Assets.xcassets; sourceTree = "<group>"; };
		0B0DCC262B6F4EDC006F6FD8 /* Base */ = {isa = PBXFileReference; lastKnownFileType = file.storyboard; name = Base; path = Base.lproj/LaunchScreen.storyboard; sourceTree = "<group>"; };
		0B0DCC282B6F4EDC006F6FD8 /* Info.plist */ = {isa = PBXFileReference; lastKnownFileType = text.plist.xml; path = Info.plist; sourceTree = "<group>"; };
		0B0DCC2E2B6F53EE006F6FD8 /* SearchVC.swift */ = {isa = PBXFileReference; lastKnownFileType = sourcecode.swift; path = SearchVC.swift; sourceTree = "<group>"; };
		0B0DCC302B6F5411006F6FD8 /* FavoriteListVC.swift */ = {isa = PBXFileReference; lastKnownFileType = sourcecode.swift; path = FavoriteListVC.swift; sourceTree = "<group>"; };
		0B0DCC322B6F8700006F6FD8 /* LUButton.swift */ = {isa = PBXFileReference; lastKnownFileType = sourcecode.swift; path = LUButton.swift; sourceTree = "<group>"; };
		0B0DCC342B6F8B45006F6FD8 /* LUTextField.swift */ = {isa = PBXFileReference; lastKnownFileType = sourcecode.swift; path = LUTextField.swift; sourceTree = "<group>"; };
		0B0DCC362B6FC77A006F6FD8 /* FollowerListVC.swift */ = {isa = PBXFileReference; lastKnownFileType = sourcecode.swift; path = FollowerListVC.swift; sourceTree = "<group>"; };
		0B0DCC382B6FCDB7006F6FD8 /* LUTitleLabel.swift */ = {isa = PBXFileReference; lastKnownFileType = sourcecode.swift; path = LUTitleLabel.swift; sourceTree = "<group>"; };
		0B0DCC3A2B6FCED0006F6FD8 /* LUBodyLabel.swift */ = {isa = PBXFileReference; lastKnownFileType = sourcecode.swift; path = LUBodyLabel.swift; sourceTree = "<group>"; };
		0B0DCC3C2B6FCF64006F6FD8 /* LUAlertVC.swift */ = {isa = PBXFileReference; lastKnownFileType = sourcecode.swift; path = LUAlertVC.swift; sourceTree = "<group>"; };
		0B0DCC3E2B6FD3F1006F6FD8 /* UIViewController+Extension.swift */ = {isa = PBXFileReference; lastKnownFileType = sourcecode.swift; path = "UIViewController+Extension.swift"; sourceTree = "<group>"; };
/* End PBXFileReference section */

/* Begin PBXFrameworksBuildPhase section */
		0B0DCC142B6F4EDA006F6FD8 /* Frameworks */ = {
			isa = PBXFrameworksBuildPhase;
			buildActionMask = 2147483647;
			files = (
			);
			runOnlyForDeploymentPostprocessing = 0;
		};
/* End PBXFrameworksBuildPhase section */

/* Begin PBXGroup section */
		0B0DCC0E2B6F4ED9006F6FD8 = {
			isa = PBXGroup;
			children = (
				0B0DCC192B6F4EDA006F6FD8 /* LearnUIkit */,
				0B0DCC182B6F4EDA006F6FD8 /* Products */,
			);
			sourceTree = "<group>";
		};
		0B0DCC182B6F4EDA006F6FD8 /* Products */ = {
			isa = PBXGroup;
			children = (
				0B0DCC172B6F4EDA006F6FD8 /* LearnUIkit.app */,
			);
			name = Products;
			sourceTree = "<group>";
		};
		0B0DCC192B6F4EDA006F6FD8 /* LearnUIkit */ = {
			isa = PBXGroup;
			children = (
				0B7C14AB2B74CDD8004AD482 /* Support */,
				0B7C14AA2B74CD81004AD482 /* Extensions */,
				0B7C14A92B74CD55004AD482 /* CustomViews */,
				0B7C14A82B74CCD3004AD482 /* Screens */,
				0B0DCC232B6F4EDC006F6FD8 /* Assets.xcassets */,
				0B0DCC252B6F4EDC006F6FD8 /* LaunchScreen.storyboard */,
				0B0DCC282B6F4EDC006F6FD8 /* Info.plist */,
			);
			path = LearnUIkit;
			sourceTree = "<group>";
		};
		0B7C14A82B74CCD3004AD482 /* Screens */ = {
			isa = PBXGroup;
			children = (
				0B0DCC302B6F5411006F6FD8 /* FavoriteListVC.swift */,
				0B0DCC2E2B6F53EE006F6FD8 /* SearchVC.swift */,
				0B0DCC362B6FC77A006F6FD8 /* FollowerListVC.swift */,
			);
			path = Screens;
			sourceTree = "<group>";
		};
		0B7C14A92B74CD55004AD482 /* CustomViews */ = {
			isa = PBXGroup;
			children = (
				0B0DCC3C2B6FCF64006F6FD8 /* LUAlertVC.swift */,
				0B0DCC342B6F8B45006F6FD8 /* LUTextField.swift */,
				0B0DCC382B6FCDB7006F6FD8 /* LUTitleLabel.swift */,
				0B0DCC3A2B6FCED0006F6FD8 /* LUBodyLabel.swift */,
				0B0DCC322B6F8700006F6FD8 /* LUButton.swift */,
			);
			path = CustomViews;
			sourceTree = "<group>";
		};
		0B7C14AA2B74CD81004AD482 /* Extensions */ = {
			isa = PBXGroup;
			children = (
				0B0DCC3E2B6FD3F1006F6FD8 /* UIViewController+Extension.swift */,
			);
			path = Extensions;
			sourceTree = "<group>";
		};
		0B7C14AB2B74CDD8004AD482 /* Support */ = {
			isa = PBXGroup;
			children = (
				0B0DCC1A2B6F4EDA006F6FD8 /* AppDelegate.swift */,
				0B0DCC1C2B6F4EDA006F6FD8 /* SceneDelegate.swift */,
			);
			path = Support;
			sourceTree = "<group>";
		};
/* End PBXGroup section */

/* Begin PBXNativeTarget section */
		0B0DCC162B6F4EDA006F6FD8 /* LearnUIkit */ = {
			isa = PBXNativeTarget;
			buildConfigurationList = 0B0DCC2B2B6F4EDC006F6FD8 /* Build configuration list for PBXNativeTarget "LearnUIkit" */;
			buildPhases = (
				0B0DCC132B6F4EDA006F6FD8 /* Sources */,
				0B0DCC142B6F4EDA006F6FD8 /* Frameworks */,
				0B0DCC152B6F4EDA006F6FD8 /* Resources */,
			);
			buildRules = (
			);
			dependencies = (
			);
			name = LearnUIkit;
			productName = LearnUIkit;
			productReference = 0B0DCC172B6F4EDA006F6FD8 /* LearnUIkit.app */;
			productType = "com.apple.product-type.application";
		};
/* End PBXNativeTarget section */

/* Begin PBXProject section */
		0B0DCC0F2B6F4ED9006F6FD8 /* Project object */ = {
			isa = PBXProject;
			attributes = {
				BuildIndependentTargetsInParallel = 1;
				LastSwiftUpdateCheck = 1430;
				LastUpgradeCheck = 1430;
				TargetAttributes = {
					0B0DCC162B6F4EDA006F6FD8 = {
						CreatedOnToolsVersion = 14.3.1;
					};
				};
			};
			buildConfigurationList = 0B0DCC122B6F4ED9006F6FD8 /* Build configuration list for PBXProject "LearnUIkit" */;
			compatibilityVersion = "Xcode 14.0";
			developmentRegion = en;
			hasScannedForEncodings = 0;
			knownRegions = (
				en,
				Base,
			);
			mainGroup = 0B0DCC0E2B6F4ED9006F6FD8;
			productRefGroup = 0B0DCC182B6F4EDA006F6FD8 /* Products */;
			projectDirPath = "";
			projectRoot = "";
			targets = (
				0B0DCC162B6F4EDA006F6FD8 /* LearnUIkit */,
			);
		};
/* End PBXProject section */

/* Begin PBXResourcesBuildPhase section */
		0B0DCC152B6F4EDA006F6FD8 /* Resources */ = {
			isa = PBXResourcesBuildPhase;
			buildActionMask = 2147483647;
			files = (
				0B0DCC272B6F4EDC006F6FD8 /* LaunchScreen.storyboard in Resources */,
				0B0DCC242B6F4EDC006F6FD8 /* Assets.xcassets in Resources */,
			);
			runOnlyForDeploymentPostprocessing = 0;
		};
/* End PBXResourcesBuildPhase section */

/* Begin PBXSourcesBuildPhase section */
		0B0DCC132B6F4EDA006F6FD8 /* Sources */ = {
			isa = PBXSourcesBuildPhase;
			buildActionMask = 2147483647;
			files = (
				0B0DCC352B6F8B45006F6FD8 /* LUTextField.swift in Sources */,
				0B0DCC3F2B6FD3F1006F6FD8 /* UIViewController+Extension.swift in Sources */,
				0B0DCC392B6FCDB7006F6FD8 /* LUTitleLabel.swift in Sources */,
				0B0DCC312B6F5411006F6FD8 /* FavoriteListVC.swift in Sources */,
				0B0DCC3B2B6FCED0006F6FD8 /* LUBodyLabel.swift in Sources */,
				0B0DCC2F2B6F53EE006F6FD8 /* SearchVC.swift in Sources */,
				0B0DCC372B6FC77A006F6FD8 /* FollowerListVC.swift in Sources */,
				0B0DCC3D2B6FCF64006F6FD8 /* LUAlertVC.swift in Sources */,
				0B0DCC1B2B6F4EDA006F6FD8 /* AppDelegate.swift in Sources */,
				0B0DCC332B6F8700006F6FD8 /* LUButton.swift in Sources */,
				0B0DCC1D2B6F4EDA006F6FD8 /* SceneDelegate.swift in Sources */,
			);
			runOnlyForDeploymentPostprocessing = 0;
		};
/* End PBXSourcesBuildPhase section */

/* Begin PBXVariantGroup section */
		0B0DCC252B6F4EDC006F6FD8 /* LaunchScreen.storyboard */ = {
			isa = PBXVariantGroup;
			children = (
				0B0DCC262B6F4EDC006F6FD8 /* Base */,
			);
			name = LaunchScreen.storyboard;
			sourceTree = "<group>";
		};
/* End PBXVariantGroup section */

/* Begin XCBuildConfiguration section */
		0B0DCC292B6F4EDC006F6FD8 /* Debug */ = {
			isa = XCBuildConfiguration;
			buildSettings = {
				ALWAYS_SEARCH_USER_PATHS = NO;
				CLANG_ANALYZER_NONNULL = YES;
				CLANG_ANALYZER_NUMBER_OBJECT_CONVERSION = YES_AGGRESSIVE;
				CLANG_CXX_LANGUAGE_STANDARD = "gnu++20";
				CLANG_ENABLE_MODULES = YES;
				CLANG_ENABLE_OBJC_ARC = YES;
				CLANG_ENABLE_OBJC_WEAK = YES;
				CLANG_WARN_BLOCK_CAPTURE_AUTORELEASING = YES;
				CLANG_WARN_BOOL_CONVERSION = YES;
				CLANG_WARN_COMMA = YES;
				CLANG_WARN_CONSTANT_CONVERSION = YES;
				CLANG_WARN_DEPRECATED_OBJC_IMPLEMENTATIONS = YES;
				CLANG_WARN_DIRECT_OBJC_ISA_USAGE = YES_ERROR;
				CLANG_WARN_DOCUMENTATION_COMMENTS = YES;
				CLANG_WARN_EMPTY_BODY = YES;
				CLANG_WARN_ENUM_CONVERSION = YES;
				CLANG_WARN_INFINITE_RECURSION = YES;
				CLANG_WARN_INT_CONVERSION = YES;
				CLANG_WARN_NON_LITERAL_NULL_CONVERSION = YES;
				CLANG_WARN_OBJC_IMPLICIT_RETAIN_SELF = YES;
				CLANG_WARN_OBJC_LITERAL_CONVERSION = YES;
				CLANG_WARN_OBJC_ROOT_CLASS = YES_ERROR;
				CLANG_WARN_QUOTED_INCLUDE_IN_FRAMEWORK_HEADER = YES;
				CLANG_WARN_RANGE_LOOP_ANALYSIS = YES;
				CLANG_WARN_STRICT_PROTOTYPES = YES;
				CLANG_WARN_SUSPICIOUS_MOVE = YES;
				CLANG_WARN_UNGUARDED_AVAILABILITY = YES_AGGRESSIVE;
				CLANG_WARN_UNREACHABLE_CODE = YES;
				CLANG_WARN__DUPLICATE_METHOD_MATCH = YES;
				COPY_PHASE_STRIP = NO;
				DEBUG_INFORMATION_FORMAT = dwarf;
				ENABLE_STRICT_OBJC_MSGSEND = YES;
				ENABLE_TESTABILITY = YES;
				GCC_C_LANGUAGE_STANDARD = gnu11;
				GCC_DYNAMIC_NO_PIC = NO;
				GCC_NO_COMMON_BLOCKS = YES;
				GCC_OPTIMIZATION_LEVEL = 0;
				GCC_PREPROCESSOR_DEFINITIONS = (
					"DEBUG=1",
					"$(inherited)",
				);
				GCC_WARN_64_TO_32_BIT_CONVERSION = YES;
				GCC_WARN_ABOUT_RETURN_TYPE = YES_ERROR;
				GCC_WARN_UNDECLARED_SELECTOR = YES;
				GCC_WARN_UNINITIALIZED_AUTOS = YES_AGGRESSIVE;
				GCC_WARN_UNUSED_FUNCTION = YES;
				GCC_WARN_UNUSED_VARIABLE = YES;
				IPHONEOS_DEPLOYMENT_TARGET = 16.4;
				MTL_ENABLE_DEBUG_INFO = INCLUDE_SOURCE;
				MTL_FAST_MATH = YES;
				ONLY_ACTIVE_ARCH = YES;
				SDKROOT = iphoneos;
				SWIFT_ACTIVE_COMPILATION_CONDITIONS = DEBUG;
				SWIFT_OPTIMIZATION_LEVEL = "-Onone";
			};
			name = Debug;
		};
		0B0DCC2A2B6F4EDC006F6FD8 /* Release */ = {
			isa = XCBuildConfiguration;
			buildSettings = {
				ALWAYS_SEARCH_USER_PATHS = NO;
				CLANG_ANALYZER_NONNULL = YES;
				CLANG_ANALYZER_NUMBER_OBJECT_CONVERSION = YES_AGGRESSIVE;
				CLANG_CXX_LANGUAGE_STANDARD = "gnu++20";
				CLANG_ENABLE_MODULES = YES;
				CLANG_ENABLE_OBJC_ARC = YES;
				CLANG_ENABLE_OBJC_WEAK = YES;
				CLANG_WARN_BLOCK_CAPTURE_AUTORELEASING = YES;
				CLANG_WARN_BOOL_CONVERSION = YES;
				CLANG_WARN_COMMA = YES;
				CLANG_WARN_CONSTANT_CONVERSION = YES;
				CLANG_WARN_DEPRECATED_OBJC_IMPLEMENTATIONS = YES;
				CLANG_WARN_DIRECT_OBJC_ISA_USAGE = YES_ERROR;
				CLANG_WARN_DOCUMENTATION_COMMENTS = YES;
				CLANG_WARN_EMPTY_BODY = YES;
				CLANG_WARN_ENUM_CONVERSION = YES;
				CLANG_WARN_INFINITE_RECURSION = YES;
				CLANG_WARN_INT_CONVERSION = YES;
				CLANG_WARN_NON_LITERAL_NULL_CONVERSION = YES;
				CLANG_WARN_OBJC_IMPLICIT_RETAIN_SELF = YES;
				CLANG_WARN_OBJC_LITERAL_CONVERSION = YES;
				CLANG_WARN_OBJC_ROOT_CLASS = YES_ERROR;
				CLANG_WARN_QUOTED_INCLUDE_IN_FRAMEWORK_HEADER = YES;
				CLANG_WARN_RANGE_LOOP_ANALYSIS = YES;
				CLANG_WARN_STRICT_PROTOTYPES = YES;
				CLANG_WARN_SUSPICIOUS_MOVE = YES;
				CLANG_WARN_UNGUARDED_AVAILABILITY = YES_AGGRESSIVE;
				CLANG_WARN_UNREACHABLE_CODE = YES;
				CLANG_WARN__DUPLICATE_METHOD_MATCH = YES;
				COPY_PHASE_STRIP = NO;
				DEBUG_INFORMATION_FORMAT = "dwarf-with-dsym";
				ENABLE_NS_ASSERTIONS = NO;
				ENABLE_STRICT_OBJC_MSGSEND = YES;
				GCC_C_LANGUAGE_STANDARD = gnu11;
				GCC_NO_COMMON_BLOCKS = YES;
				GCC_WARN_64_TO_32_BIT_CONVERSION = YES;
				GCC_WARN_ABOUT_RETURN_TYPE = YES_ERROR;
				GCC_WARN_UNDECLARED_SELECTOR = YES;
				GCC_WARN_UNINITIALIZED_AUTOS = YES_AGGRESSIVE;
				GCC_WARN_UNUSED_FUNCTION = YES;
				GCC_WARN_UNUSED_VARIABLE = YES;
				IPHONEOS_DEPLOYMENT_TARGET = 16.4;
				MTL_ENABLE_DEBUG_INFO = NO;
				MTL_FAST_MATH = YES;
				SDKROOT = iphoneos;
				SWIFT_COMPILATION_MODE = wholemodule;
				SWIFT_OPTIMIZATION_LEVEL = "-O";
				VALIDATE_PRODUCT = YES;
			};
			name = Release;
		};
		0B0DCC2C2B6F4EDC006F6FD8 /* Debug */ = {
			isa = XCBuildConfiguration;
			buildSettings = {
				ASSETCATALOG_COMPILER_APPICON_NAME = AppIcon;
				ASSETCATALOG_COMPILER_GLOBAL_ACCENT_COLOR_NAME = AccentColor;
				CODE_SIGN_STYLE = Automatic;
				CURRENT_PROJECT_VERSION = 1;
				GENERATE_INFOPLIST_FILE = YES;
				INFOPLIST_FILE = LearnUIkit/Info.plist;
				INFOPLIST_KEY_UIApplicationSupportsIndirectInputEvents = YES;
				INFOPLIST_KEY_UILaunchStoryboardName = LaunchScreen;
				INFOPLIST_KEY_UISupportedInterfaceOrientations = UIInterfaceOrientationPortrait;
				LD_RUNPATH_SEARCH_PATHS = (
					"$(inherited)",
					"@executable_path/Frameworks",
				);
				MARKETING_VERSION = 1.0;
				PRODUCT_BUNDLE_IDENTIFIER = com.naik.LearnUIkit;
				PRODUCT_NAME = "$(TARGET_NAME)";
				SWIFT_EMIT_LOC_STRINGS = YES;
				SWIFT_VERSION = 5.0;
				TARGETED_DEVICE_FAMILY = "1,2";
			};
			name = Debug;
		};
		0B0DCC2D2B6F4EDC006F6FD8 /* Release */ = {
			isa = XCBuildConfiguration;
			buildSettings = {
				ASSETCATALOG_COMPILER_APPICON_NAME = AppIcon;
				ASSETCATALOG_COMPILER_GLOBAL_ACCENT_COLOR_NAME = AccentColor;
				CODE_SIGN_STYLE = Automatic;
				CURRENT_PROJECT_VERSION = 1;
				GENERATE_INFOPLIST_FILE = YES;
				INFOPLIST_FILE = LearnUIkit/Info.plist;
				INFOPLIST_KEY_UIApplicationSupportsIndirectInputEvents = YES;
				INFOPLIST_KEY_UILaunchStoryboardName = LaunchScreen;
				INFOPLIST_KEY_UISupportedInterfaceOrientations = UIInterfaceOrientationPortrait;
				LD_RUNPATH_SEARCH_PATHS = (
					"$(inherited)",
					"@executable_path/Frameworks",
				);
				MARKETING_VERSION = 1.0;
				PRODUCT_BUNDLE_IDENTIFIER = com.naik.LearnUIkit;
				PRODUCT_NAME = "$(TARGET_NAME)";
				SWIFT_EMIT_LOC_STRINGS = YES;
				SWIFT_VERSION = 5.0;
				TARGETED_DEVICE_FAMILY = "1,2";
			};
			name = Release;
		};
/* End XCBuildConfiguration section */

/* Begin XCConfigurationList section */
		0B0DCC122B6F4ED9006F6FD8 /* Build configuration list for PBXProject "LearnUIkit" */ = {
			isa = XCConfigurationList;
			buildConfigurations = (
				0B0DCC292B6F4EDC006F6FD8 /* Debug */,
				0B0DCC2A2B6F4EDC006F6FD8 /* Release */,
			);
			defaultConfigurationIsVisible = 0;
			defaultConfigurationName = Release;
		};
		0B0DCC2B2B6F4EDC006F6FD8 /* Build configuration list for PBXNativeTarget "LearnUIkit" */ = {
			isa = XCConfigurationList;
			buildConfigurations = (
				0B0DCC2C2B6F4EDC006F6FD8 /* Debug */,
				0B0DCC2D2B6F4EDC006F6FD8 /* Release */,
			);
			defaultConfigurationIsVisible = 0;
			defaultConfigurationName = Release;
		};
/* End XCConfigurationList section */
	};
	rootObject = 0B0DCC0F2B6F4ED9006F6FD8 /* Project object */;
}
